
Microsoft Visual Studio Solution File, Format Version 12.00
# Visual Studio 2013
VisualStudioVersion = 12.0.21005.1
MinimumVisualStudioVersion = 10.0.40219.1
Project("{8BC9CEB8-8B4A-11D0-8D11-00A0C91BC942}") = "Q101", "Q101\Q101.vcxproj", "{3DC2548C-8A7E-4912-991D-D0CFFA31465F}"
EndProject
Global
	GlobalSection(SolutionConfigurationPlatforms) = preSolution
		Debug|Win32 = Debug|Win32
		Release|Win32 = Release|Win32
	EndGlobalSection
	GlobalSection(ProjectConfigurationPlatforms) = postSolution
		{3DC2548C-8A7E-4912-991D-D0CFFA31465F}.Debug|Win32.ActiveCfg = Debug|Win32
		{3DC2548C-8A7E-4912-991D-D0CFFA31465F}.Debug|Win32.Build.0 = Debug|Win32
		{3DC2548C-8A7E-4912-991D-D0CFFA31465F}.Release|Win32.ActiveCfg = Release|Win32
		{3DC2548C-8A7E-4912-991D-D0CFFA31465F}.Release|Win32.Build.0 = Release|Win32
	EndGlobalSection
	GlobalSection(SolutionProperties) = preSolution
		HideSolutionNode = FALSE
	EndGlobalSection
EndGlobal
